
Microsoft Visual Studio Solution File, Format Version 12.00
# Visual Studio 15
VisualStudioVersion = 15.0.26124.0
MinimumVisualStudioVersion = 15.0.26124.0
Project("{FAE04EC0-301F-11D3-BF4B-00C04F79EFBC}") = "DownloadBot", "DownloadBot\DownloadBot.csproj", "{F1260678-BFE6-463A-B414-113B7931718A}"
EndProject
Project("{FAE04EC0-301F-11D3-BF4B-00C04F79EFBC}") = "DownloadBot.Tests", "DownloadBot.Tests\DownloadBot.Tests.csproj", "{B17DD0A4-159C-42F0-A9E6-9A92732F52F0}"
EndProject
Global
	GlobalSection(SolutionConfigurationPlatforms) = preSolution
		Debug|Any CPU = Debug|Any CPU
		Debug|x64 = Debug|x64
		Debug|x86 = Debug|x86
		Release|Any CPU = Release|Any CPU
		Release|x64 = Release|x64
		Release|x86 = Release|x86
	EndGlobalSection
	GlobalSection(SolutionProperties) = preSolution
		HideSolutionNode = FALSE
	EndGlobalSection
	GlobalSection(ProjectConfigurationPlatforms) = postSolution
		{F1260678-BFE6-463A-B414-113B7931718A}.Debug|Any CPU.ActiveCfg = Debug|Any CPU
		{F1260678-BFE6-463A-B414-113B7931718A}.Debug|Any CPU.Build.0 = Debug|Any CPU
		{F1260678-BFE6-463A-B414-113B7931718A}.Debug|x64.ActiveCfg = Debug|Any CPU
		{F1260678-BFE6-463A-B414-113B7931718A}.Debug|x64.Build.0 = Debug|Any CPU
		{F1260678-BFE6-463A-B414-113B7931718A}.Debug|x86.ActiveCfg = Debug|Any CPU
		{F1260678-BFE6-463A-B414-113B7931718A}.Debug|x86.Build.0 = Debug|Any CPU
		{F1260678-BFE6-463A-B414-113B7931718A}.Release|Any CPU.ActiveCfg = Release|Any CPU
		{F1260678-BFE6-463A-B414-113B7931718A}.Release|Any CPU.Build.0 = Release|Any CPU
		{F1260678-BFE6-463A-B414-113B7931718A}.Release|x64.ActiveCfg = Release|Any CPU
		{F1260678-BFE6-463A-B414-113B7931718A}.Release|x64.Build.0 = Release|Any CPU
		{F1260678-BFE6-463A-B414-113B7931718A}.Release|x86.ActiveCfg = Release|Any CPU
		{F1260678-BFE6-463A-B414-113B7931718A}.Release|x86.Build.0 = Release|Any CPU
		{B17DD0A4-159C-42F0-A9E6-9A92732F52F0}.Debug|Any CPU.ActiveCfg = Debug|Any CPU
		{B17DD0A4-159C-42F0-A9E6-9A92732F52F0}.Debug|Any CPU.Build.0 = Debug|Any CPU
		{B17DD0A4-159C-42F0-A9E6-9A92732F52F0}.Debug|x64.ActiveCfg = Debug|Any CPU
		{B17DD0A4-159C-42F0-A9E6-9A92732F52F0}.Debug|x64.Build.0 = Debug|Any CPU
		{B17DD0A4-159C-42F0-A9E6-9A92732F52F0}.Debug|x86.ActiveCfg = Debug|Any CPU
		{B17DD0A4-159C-42F0-A9E6-9A92732F52F0}.Debug|x86.Build.0 = Debug|Any CPU
		{B17DD0A4-159C-42F0-A9E6-9A92732F52F0}.Release|Any CPU.ActiveCfg = Release|Any CPU
		{B17DD0A4-159C-42F0-A9E6-9A92732F52F0}.Release|Any CPU.Build.0 = Release|Any CPU
		{B17DD0A4-159C-42F0-A9E6-9A92732F52F0}.Release|x64.ActiveCfg = Release|Any CPU
		{B17DD0A4-159C-42F0-A9E6-9A92732F52F0}.Release|x64.Build.0 = Release|Any CPU
		{B17DD0A4-159C-42F0-A9E6-9A92732F52F0}.Release|x86.ActiveCfg = Release|Any CPU
		{B17DD0A4-159C-42F0-A9E6-9A92732F52F0}.Release|x86.Build.0 = Release|Any CPU
	EndGlobalSection
EndGlobal
